// !$*UTF8*$!
{
	archiveVersion = 1;
	classes = {
	};
	objectVersion = 46;
	objects = {

/* Begin PBXBuildFile section */
		F54F7AE31D65ACDA00EF1FD1 /* AppDelegate.swift in Sources */ = {isa = PBXBuildFile; fileRef = F54F7AE21D65ACDA00EF1FD1 /* AppDelegate.swift */; };
		F54F7AE51D65ACDA00EF1FD1 /* ViewController.swift in Sources */ = {isa = PBXBuildFile; fileRef = F54F7AE41D65ACDA00EF1FD1 /* ViewController.swift */; };
		F54F7AE81D65ACDA00EF1FD1 /* Main.storyboard in Resources */ = {isa = PBXBuildFile; fileRef = F54F7AE61D65ACDA00EF1FD1 /* Main.storyboard */; };
		F54F7AEA1D65ACDA00EF1FD1 /* Assets.xcassets in Resources */ = {isa = PBXBuildFile; fileRef = F54F7AE91D65ACDA00EF1FD1 /* Assets.xcassets */; };
		F54F7AED1D65ACDA00EF1FD1 /* LaunchScreen.storyboard in Resources */ = {isa = PBXBuildFile; fileRef = F54F7AEB1D65ACDA00EF1FD1 /* LaunchScreen.storyboard */; };
		F54F7AF61D65AD6000EF1FD1 /* board.png in Resources */ = {isa = PBXBuildFile; fileRef = F54F7AF51D65AD6000EF1FD1 /* board.png */; };
		F54F7AFB1D65AD6900EF1FD1 /* Cartoon-Springs-PPT-Backgrounds-1024x768.jpg in Resources */ = {isa = PBXBuildFile; fileRef = F54F7AF71D65AD6900EF1FD1 /* Cartoon-Springs-PPT-Backgrounds-1024x768.jpg */; };
		F54F7AFC1D65AD6900EF1FD1 /* note1.png in Resources */ = {isa = PBXBuildFile; fileRef = F54F7AF81D65AD6900EF1FD1 /* note1.png */; };
		F54F7AFD1D65AD6900EF1FD1 /* note2.png in Resources */ = {isa = PBXBuildFile; fileRef = F54F7AF91D65AD6900EF1FD1 /* note2.png */; };
		F54F7AFE1D65AD6900EF1FD1 /* note3.png in Resources */ = {isa = PBXBuildFile; fileRef = F54F7AFA1D65AD6900EF1FD1 /* note3.png */; };
/* End PBXBuildFile section */

/* Begin PBXFileReference section */
		F54F7ADF1D65ACDA00EF1FD1 /* Math.app */ = {isa = PBXFileReference; explicitFileType = wrapper.application; includeInIndex = 0; path = Math.app; sourceTree = BUILT_PRODUCTS_DIR; };
		F54F7AE21D65ACDA00EF1FD1 /* AppDelegate.swift */ = {isa = PBXFileReference; lastKnownFileType = sourcecode.swift; path = AppDelegate.swift; sourceTree = "<group>"; };
		F54F7AE41D65ACDA00EF1FD1 /* ViewController.swift */ = {isa = PBXFileReference; lastKnownFileType = sourcecode.swift; path = ViewController.swift; sourceTree = "<group>"; };
		F54F7AE71D65ACDA00EF1FD1 /* Base */ = {isa = PBXFileReference; lastKnownFileType = file.storyboard; name = Base; path = Base.lproj/Main.storyboard; sourceTree = "<group>"; };
		F54F7AE91D65ACDA00EF1FD1 /* Assets.xcassets */ = {isa = PBXFileReference; lastKnownFileType = folder.assetcatalog; path = Assets.xcassets; sourceTree = "<group>"; };
		F54F7AEC1D65ACDA00EF1FD1 /* Base */ = {isa = PBXFileReference; lastKnownFileType = file.storyboard; name = Base; path = Base.lproj/LaunchScreen.storyboard; sourceTree = "<group>"; };
		F54F7AEE1D65ACDA00EF1FD1 /* Info.plist */ = {isa = PBXFileReference; lastKnownFileType = text.plist.xml; path = Info.plist; sourceTree = "<group>"; };
		F54F7AF51D65AD6000EF1FD1 /* board.png */ = {isa = PBXFileReference; lastKnownFileType = image.png; path = board.png; sourceTree = "<group>"; };
		F54F7AF71D65AD6900EF1FD1 /* Cartoon-Springs-PPT-Backgrounds-1024x768.jpg */ = {isa = PBXFileReference; lastKnownFileType = image.jpeg; path = "Cartoon-Springs-PPT-Backgrounds-1024x768.jpg"; sourceTree = "<group>"; };
		F54F7AF81D65AD6900EF1FD1 /* note1.png */ = {isa = PBXFileReference; lastKnownFileType = image.png; path = note1.png; sourceTree = "<group>"; };
		F54F7AF91D65AD6900EF1FD1 /* note2.png */ = {isa = PBXFileReference; lastKnownFileType = image.png; path = note2.png; sourceTree = "<group>"; };
		F54F7AFA1D65AD6900EF1FD1 /* note3.png */ = {isa = PBXFileReference; lastKnownFileType = image.png; path = note3.png; sourceTree = "<group>"; };
/* End PBXFileReference section */

/* Begin PBXFrameworksBuildPhase section */
		F54F7ADC1D65ACDA00EF1FD1 /* Frameworks */ = {
			isa = PBXFrameworksBuildPhase;
			buildActionMask = 2147483647;
			files = (
			);
			runOnlyForDeploymentPostprocessing = 0;
		};
/* End PBXFrameworksBuildPhase section */

/* Begin PBXGroup section */
		F54F7AD61D65ACDA00EF1FD1 = {
			isa = PBXGroup;
			children = (
				F54F7AE11D65ACDA00EF1FD1 /* Math */,
				F54F7AE01D65ACDA00EF1FD1 /* Products */,
			);
			sourceTree = "<group>";
		};
		F54F7AE01D65ACDA00EF1FD1 /* Products */ = {
			isa = PBXGroup;
			children = (
				F54F7ADF1D65ACDA00EF1FD1 /* Math.app */,
			);
			name = Products;
			sourceTree = "<group>";
		};
		F54F7AE11D65ACDA00EF1FD1 /* Math */ = {
			isa = PBXGroup;
			children = (
				F54F7AF41D65AD4000EF1FD1 /* Image */,
				F54F7AE21D65ACDA00EF1FD1 /* AppDelegate.swift */,
				F54F7AE41D65ACDA00EF1FD1 /* ViewController.swift */,
				F54F7AE61D65ACDA00EF1FD1 /* Main.storyboard */,
				F54F7AE91D65ACDA00EF1FD1 /* Assets.xcassets */,
				F54F7AEB1D65ACDA00EF1FD1 /* LaunchScreen.storyboard */,
				F54F7AEE1D65ACDA00EF1FD1 /* Info.plist */,
			);
			path = Math;
			sourceTree = "<group>";
		};
		F54F7AF41D65AD4000EF1FD1 /* Image */ = {
			isa = PBXGroup;
			children = (
				F54F7AF71D65AD6900EF1FD1 /* Cartoon-Springs-PPT-Backgrounds-1024x768.jpg */,
				F54F7AF81D65AD6900EF1FD1 /* note1.png */,
				F54F7AF91D65AD6900EF1FD1 /* note2.png */,
				F54F7AFA1D65AD6900EF1FD1 /* note3.png */,
				F54F7AF51D65AD6000EF1FD1 /* board.png */,
			);
			name = Image;
			sourceTree = "<group>";
		};
/* End PBXGroup section */

/* Begin PBXNativeTarget section */
		F54F7ADE1D65ACDA00EF1FD1 /* Math */ = {
			isa = PBXNativeTarget;
			buildConfigurationList = F54F7AF11D65ACDA00EF1FD1 /* Build configuration list for PBXNativeTarget "Math" */;
			buildPhases = (
				F54F7ADB1D65ACDA00EF1FD1 /* Sources */,
				F54F7ADC1D65ACDA00EF1FD1 /* Frameworks */,
				F54F7ADD1D65ACDA00EF1FD1 /* Resources */,
			);
			buildRules = (
			);
			dependencies = (
			);
			name = Math;
			productName = Math;
			productReference = F54F7ADF1D65ACDA00EF1FD1 /* Math.app */;
			productType = "com.apple.product-type.application";
		};
/* End PBXNativeTarget section */

/* Begin PBXProject section */
		F54F7AD71D65ACDA00EF1FD1 /* Project object */ = {
			isa = PBXProject;
			attributes = {
				LastSwiftUpdateCheck = 0730;
				LastUpgradeCheck = 0730;
				ORGANIZATIONNAME = "Hoàng Minh Thành";
				TargetAttributes = {
					F54F7ADE1D65ACDA00EF1FD1 = {
						CreatedOnToolsVersion = 7.3.1;
					};
				};
			};
			buildConfigurationList = F54F7ADA1D65ACDA00EF1FD1 /* Build configuration list for PBXProject "Math" */;
			compatibilityVersion = "Xcode 3.2";
			developmentRegion = English;
			hasScannedForEncodings = 0;
			knownRegions = (
				en,
				Base,
			);
			mainGroup = F54F7AD61D65ACDA00EF1FD1;
			productRefGroup = F54F7AE01D65ACDA00EF1FD1 /* Products */;
			projectDirPath = "";
			projectRoot = "";
			targets = (
				F54F7ADE1D65ACDA00EF1FD1 /* Math */,
			);
		};
/* End PBXProject section */

/* Begin PBXResourcesBuildPhase section */
		F54F7ADD1D65ACDA00EF1FD1 /* Resources */ = {
			isa = PBXResourcesBuildPhase;
			buildActionMask = 2147483647;
			files = (
				F54F7AF61D65AD6000EF1FD1 /* board.png in Resources */,
				F54F7AED1D65ACDA00EF1FD1 /* LaunchScreen.storyboard in Resources */,
				F54F7AEA1D65ACDA00EF1FD1 /* Assets.xcassets in Resources */,
				F54F7AFD1D65AD6900EF1FD1 /* note2.png in Resources */,
				F54F7AFC1D65AD6900EF1FD1 /* note1.png in Resources */,
				F54F7AFE1D65AD6900EF1FD1 /* note3.png in Resources */,
				F54F7AE81D65ACDA00EF1FD1 /* Main.storyboard in Resources */,
				F54F7AFB1D65AD6900EF1FD1 /* Cartoon-Springs-PPT-Backgrounds-1024x768.jpg in Resources */,
			);
			runOnlyForDeploymentPostprocessing = 0;
		};
/* End PBXResourcesBuildPhase section */

/* Begin PBXSourcesBuildPhase section */
		F54F7ADB1D65ACDA00EF1FD1 /* Sources */ = {
			isa = PBXSourcesBuildPhase;
			buildActionMask = 2147483647;
			files = (
				F54F7AE51D65ACDA00EF1FD1 /* ViewController.swift in Sources */,
				F54F7AE31D65ACDA00EF1FD1 /* AppDelegate.swift in Sources */,
			);
			runOnlyForDeploymentPostprocessing = 0;
		};
/* End PBXSourcesBuildPhase section */

/* Begin PBXVariantGroup section */
		F54F7AE61D65ACDA00EF1FD1 /* Main.storyboard */ = {
			isa = PBXVariantGroup;
			children = (
				F54F7AE71D65ACDA00EF1FD1 /* Base */,
			);
			name = Main.storyboard;
			sourceTree = "<group>";
		};
		F54F7AEB1D65ACDA00EF1FD1 /* LaunchScreen.storyboard */ = {
			isa = PBXVariantGroup;
			children = (
				F54F7AEC1D65ACDA00EF1FD1 /* Base */,
			);
			name = LaunchScreen.storyboard;
			sourceTree = "<group>";
		};
/* End PBXVariantGroup section */

/* Begin XCBuildConfiguration section */
		F54F7AEF1D65ACDA00EF1FD1 /* Debug */ = {
			isa = XCBuildConfiguration;
			buildSettings = {
				ALWAYS_SEARCH_USER_PATHS = NO;
				CLANG_ANALYZER_NONNULL = YES;
				CLANG_CXX_LANGUAGE_STANDARD = "gnu++0x";
				CLANG_CXX_LIBRARY = "libc++";
				CLANG_ENABLE_MODULES = YES;
				CLANG_ENABLE_OBJC_ARC = YES;
				CLANG_WARN_BOOL_CONVERSION = YES;
				CLANG_WARN_CONSTANT_CONVERSION = YES;
				CLANG_WARN_DIRECT_OBJC_ISA_USAGE = YES_ERROR;
				CLANG_WARN_EMPTY_BODY = YES;
				CLANG_WARN_ENUM_CONVERSION = YES;
				CLANG_WARN_INT_CONVERSION = YES;
				CLANG_WARN_OBJC_ROOT_CLASS = YES_ERROR;
				CLANG_WARN_UNREACHABLE_CODE = YES;
				CLANG_WARN__DUPLICATE_METHOD_MATCH = YES;
				"CODE_SIGN_IDENTITY[sdk=iphoneos*]" = "iPhone Developer";
				COPY_PHASE_STRIP = NO;
				DEBUG_INFORMATION_FORMAT = dwarf;
				ENABLE_STRICT_OBJC_MSGSEND = YES;
				ENABLE_TESTABILITY = YES;
				GCC_C_LANGUAGE_STANDARD = gnu99;
				GCC_DYNAMIC_NO_PIC = NO;
				GCC_NO_COMMON_BLOCKS = YES;
				GCC_OPTIMIZATION_LEVEL = 0;
				GCC_PREPROCESSOR_DEFINITIONS = (
					"DEBUG=1",
					"$(inherited)",
				);
				GCC_WARN_64_TO_32_BIT_CONVERSION = YES;
				GCC_WARN_ABOUT_RETURN_TYPE = YES_ERROR;
				GCC_WARN_UNDECLARED_SELECTOR = YES;
				GCC_WARN_UNINITIALIZED_AUTOS = YES_AGGRESSIVE;
				GCC_WARN_UNUSED_FUNCTION = YES;
				GCC_WARN_UNUSED_VARIABLE = YES;
				IPHONEOS_DEPLOYMENT_TARGET = 9.3;
				MTL_ENABLE_DEBUG_INFO = YES;
				ONLY_ACTIVE_ARCH = YES;
				SDKROOT = iphoneos;
				SWIFT_OPTIMIZATION_LEVEL = "-Onone";
				TARGETED_DEVICE_FAMILY = "1,2";
			};
			name = Debug;
		};
		F54F7AF01D65ACDA00EF1FD1 /* Release */ = {
			isa = XCBuildConfiguration;
			buildSettings = {
				ALWAYS_SEARCH_USER_PATHS = NO;
				CLANG_ANALYZER_NONNULL = YES;
				CLANG_CXX_LANGUAGE_STANDARD = "gnu++0x";
				CLANG_CXX_LIBRARY = "libc++";
				CLANG_ENABLE_MODULES = YES;
				CLANG_ENABLE_OBJC_ARC = YES;
				CLANG_WARN_BOOL_CONVERSION = YES;
				CLANG_WARN_CONSTANT_CONVERSION = YES;
				CLANG_WARN_DIRECT_OBJC_ISA_USAGE = YES_ERROR;
				CLANG_WARN_EMPTY_BODY = YES;
				CLANG_WARN_ENUM_CONVERSION = YES;
				CLANG_WARN_INT_CONVERSION = YES;
				CLANG_WARN_OBJC_ROOT_CLASS = YES_ERROR;
				CLANG_WARN_UNREACHABLE_CODE = YES;
				CLANG_WARN__DUPLICATE_METHOD_MATCH = YES;
				"CODE_SIGN_IDENTITY[sdk=iphoneos*]" = "iPhone Developer";
				COPY_PHASE_STRIP = NO;
				DEBUG_INFORMATION_FORMAT = "dwarf-with-dsym";
				ENABLE_NS_ASSERTIONS = NO;
				ENABLE_STRICT_OBJC_MSGSEND = YES;
				GCC_C_LANGUAGE_STANDARD = gnu99;
				GCC_NO_COMMON_BLOCKS = YES;
				GCC_WARN_64_TO_32_BIT_CONVERSION = YES;
				GCC_WARN_ABOUT_RETURN_TYPE = YES_ERROR;
				GCC_WARN_UNDECLARED_SELECTOR = YES;
				GCC_WARN_UNINITIALIZED_AUTOS = YES_AGGRESSIVE;
				GCC_WARN_UNUSED_FUNCTION = YES;
				GCC_WARN_UNUSED_VARIABLE = YES;
				IPHONEOS_DEPLOYMENT_TARGET = 9.3;
				MTL_ENABLE_DEBUG_INFO = NO;
				SDKROOT = iphoneos;
				TARGETED_DEVICE_FAMILY = "1,2";
				VALIDATE_PRODUCT = YES;
			};
			name = Release;
		};
		F54F7AF21D65ACDA00EF1FD1 /* Debug */ = {
			isa = XCBuildConfiguration;
			buildSettings = {
				ASSETCATALOG_COMPILER_APPICON_NAME = AppIcon;
				INFOPLIST_FILE = Math/Info.plist;
				LD_RUNPATH_SEARCH_PATHS = "$(inherited) @executable_path/Frameworks";
				PRODUCT_BUNDLE_IDENTIFIER = HoangMinhThanh.Math;
				PRODUCT_NAME = "$(TARGET_NAME)";
			};
			name = Debug;
		};
		F54F7AF31D65ACDA00EF1FD1 /* Release */ = {
			isa = XCBuildConfiguration;
			buildSettings = {
				ASSETCATALOG_COMPILER_APPICON_NAME = AppIcon;
				INFOPLIST_FILE = Math/Info.plist;
				LD_RUNPATH_SEARCH_PATHS = "$(inherited) @executable_path/Frameworks";
				PRODUCT_BUNDLE_IDENTIFIER = HoangMinhThanh.Math;
				PRODUCT_NAME = "$(TARGET_NAME)";
			};
			name = Release;
		};
/* End XCBuildConfiguration section */

/* Begin XCConfigurationList section */
		F54F7ADA1D65ACDA00EF1FD1 /* Build configuration list for PBXProject "Math" */ = {
			isa = XCConfigurationList;
			buildConfigurations = (
				F54F7AEF1D65ACDA00EF1FD1 /* Debug */,
				F54F7AF01D65ACDA00EF1FD1 /* Release */,
			);
			defaultConfigurationIsVisible = 0;
			defaultConfigurationName = Release;
		};
		F54F7AF11D65ACDA00EF1FD1 /* Build configuration list for PBXNativeTarget "Math" */ = {
			isa = XCConfigurationList;
			buildConfigurations = (
				F54F7AF21D65ACDA00EF1FD1 /* Debug */,
				F54F7AF31D65ACDA00EF1FD1 /* Release */,
			);
			defaultConfigurationIsVisible = 0;
		};
/* End XCConfigurationList section */
	};
	rootObject = F54F7AD71D65ACDA00EF1FD1 /* Project object */;
}
